
Microsoft Visual Studio Solution File, Format Version 12.00
Project("{FAE04EC0-301F-11D3-BF4B-00C04F79EFBC}") = "WebApplication1", "WebApplication1\WebApplication1.csproj", "{8A326005-A37D-46C4-82B3-CD94B9ADD59F}"
EndProject
Project("{FAE04EC0-301F-11D3-BF4B-00C04F79EFBC}") = "Dominio", "Dominio\Dominio.csproj", "{5DD0299A-00D5-4946-B428-E5D926215072}"
EndProject
Project("{FAE04EC0-301F-11D3-BF4B-00C04F79EFBC}") = "DataAcces", "DataAcces\DataAcces.csproj", "{D7ABA1D6-8446-4317-8DFF-0A6402D6B890}"
EndProject
Project("{FAE04EC0-301F-11D3-BF4B-00C04F79EFBC}") = "IServices", "IServices\IServices.csproj", "{16204417-6C37-403D-ADD1-4C3A12F199A5}"
EndProject
Project("{FAE04EC0-301F-11D3-BF4B-00C04F79EFBC}") = "IDataAcces", "IDataAcces\IDataAcces.csproj", "{CA6E3667-37DE-4F55-B83C-B5433B0E9616}"
EndProject
Project("{FAE04EC0-301F-11D3-BF4B-00C04F79EFBC}") = "Models", "Models\Models.csproj", "{15D1EFF0-137C-4F2F-B9C3-0DCC1EEA9025}"
EndProject
Project("{FAE04EC0-301F-11D3-BF4B-00C04F79EFBC}") = "Service", "Service\Service.csproj", "{9A151849-DCD6-41A8-A04D-EFCBD1676463}"
EndProject
Global
	GlobalSection(SolutionConfigurationPlatforms) = preSolution
		Debug|Any CPU = Debug|Any CPU
		Debug|x64 = Debug|x64
		Debug|x86 = Debug|x86
		Release|Any CPU = Release|Any CPU
		Release|x64 = Release|x64
		Release|x86 = Release|x86
	EndGlobalSection
	GlobalSection(ProjectConfigurationPlatforms) = postSolution
		{8A326005-A37D-46C4-82B3-CD94B9ADD59F}.Debug|Any CPU.ActiveCfg = Debug|Any CPU
		{8A326005-A37D-46C4-82B3-CD94B9ADD59F}.Debug|Any CPU.Build.0 = Debug|Any CPU
		{8A326005-A37D-46C4-82B3-CD94B9ADD59F}.Debug|x64.ActiveCfg = Debug|Any CPU
		{8A326005-A37D-46C4-82B3-CD94B9ADD59F}.Debug|x64.Build.0 = Debug|Any CPU
		{8A326005-A37D-46C4-82B3-CD94B9ADD59F}.Debug|x86.ActiveCfg = Debug|Any CPU
		{8A326005-A37D-46C4-82B3-CD94B9ADD59F}.Debug|x86.Build.0 = Debug|Any CPU
		{8A326005-A37D-46C4-82B3-CD94B9ADD59F}.Release|Any CPU.ActiveCfg = Release|Any CPU
		{8A326005-A37D-46C4-82B3-CD94B9ADD59F}.Release|Any CPU.Build.0 = Release|Any CPU
		{8A326005-A37D-46C4-82B3-CD94B9ADD59F}.Release|x64.ActiveCfg = Release|Any CPU
		{8A326005-A37D-46C4-82B3-CD94B9ADD59F}.Release|x64.Build.0 = Release|Any CPU
		{8A326005-A37D-46C4-82B3-CD94B9ADD59F}.Release|x86.ActiveCfg = Release|Any CPU
		{8A326005-A37D-46C4-82B3-CD94B9ADD59F}.Release|x86.Build.0 = Release|Any CPU
		{5DD0299A-00D5-4946-B428-E5D926215072}.Debug|Any CPU.ActiveCfg = Debug|Any CPU
		{5DD0299A-00D5-4946-B428-E5D926215072}.Debug|Any CPU.Build.0 = Debug|Any CPU
		{5DD0299A-00D5-4946-B428-E5D926215072}.Debug|x64.ActiveCfg = Debug|Any CPU
		{5DD0299A-00D5-4946-B428-E5D926215072}.Debug|x64.Build.0 = Debug|Any CPU
		{5DD0299A-00D5-4946-B428-E5D926215072}.Debug|x86.ActiveCfg = Debug|Any CPU
		{5DD0299A-00D5-4946-B428-E5D926215072}.Debug|x86.Build.0 = Debug|Any CPU
		{5DD0299A-00D5-4946-B428-E5D926215072}.Release|Any CPU.ActiveCfg = Release|Any CPU
		{5DD0299A-00D5-4946-B428-E5D926215072}.Release|Any CPU.Build.0 = Release|Any CPU
		{5DD0299A-00D5-4946-B428-E5D926215072}.Release|x64.ActiveCfg = Release|Any CPU
		{5DD0299A-00D5-4946-B428-E5D926215072}.Release|x64.Build.0 = Release|Any CPU
		{5DD0299A-00D5-4946-B428-E5D926215072}.Release|x86.ActiveCfg = Release|Any CPU
		{5DD0299A-00D5-4946-B428-E5D926215072}.Release|x86.Build.0 = Release|Any CPU
		{D7ABA1D6-8446-4317-8DFF-0A6402D6B890}.Debug|Any CPU.ActiveCfg = Debug|Any CPU
		{D7ABA1D6-8446-4317-8DFF-0A6402D6B890}.Debug|Any CPU.Build.0 = Debug|Any CPU
		{D7ABA1D6-8446-4317-8DFF-0A6402D6B890}.Debug|x64.ActiveCfg = Debug|Any CPU
		{D7ABA1D6-8446-4317-8DFF-0A6402D6B890}.Debug|x64.Build.0 = Debug|Any CPU
		{D7ABA1D6-8446-4317-8DFF-0A6402D6B890}.Debug|x86.ActiveCfg = Debug|Any CPU
		{D7ABA1D6-8446-4317-8DFF-0A6402D6B890}.Debug|x86.Build.0 = Debug|Any CPU
		{D7ABA1D6-8446-4317-8DFF-0A6402D6B890}.Release|Any CPU.ActiveCfg = Release|Any CPU
		{D7ABA1D6-8446-4317-8DFF-0A6402D6B890}.Release|Any CPU.Build.0 = Release|Any CPU
		{D7ABA1D6-8446-4317-8DFF-0A6402D6B890}.Release|x64.ActiveCfg = Release|Any CPU
		{D7ABA1D6-8446-4317-8DFF-0A6402D6B890}.Release|x64.Build.0 = Release|Any CPU
		{D7ABA1D6-8446-4317-8DFF-0A6402D6B890}.Release|x86.ActiveCfg = Release|Any CPU
		{D7ABA1D6-8446-4317-8DFF-0A6402D6B890}.Release|x86.Build.0 = Release|Any CPU
		{16204417-6C37-403D-ADD1-4C3A12F199A5}.Debug|Any CPU.ActiveCfg = Debug|Any CPU
		{16204417-6C37-403D-ADD1-4C3A12F199A5}.Debug|Any CPU.Build.0 = Debug|Any CPU
		{16204417-6C37-403D-ADD1-4C3A12F199A5}.Debug|x64.ActiveCfg = Debug|Any CPU
		{16204417-6C37-403D-ADD1-4C3A12F199A5}.Debug|x64.Build.0 = Debug|Any CPU
		{16204417-6C37-403D-ADD1-4C3A12F199A5}.Debug|x86.ActiveCfg = Debug|Any CPU
		{16204417-6C37-403D-ADD1-4C3A12F199A5}.Debug|x86.Build.0 = Debug|Any CPU
		{16204417-6C37-403D-ADD1-4C3A12F199A5}.Release|Any CPU.ActiveCfg = Release|Any CPU
		{16204417-6C37-403D-ADD1-4C3A12F199A5}.Release|Any CPU.Build.0 = Release|Any CPU
		{16204417-6C37-403D-ADD1-4C3A12F199A5}.Release|x64.ActiveCfg = Release|Any CPU
		{16204417-6C37-403D-ADD1-4C3A12F199A5}.Release|x64.Build.0 = Release|Any CPU
		{16204417-6C37-403D-ADD1-4C3A12F199A5}.Release|x86.ActiveCfg = Release|Any CPU
		{16204417-6C37-403D-ADD1-4C3A12F199A5}.Release|x86.Build.0 = Release|Any CPU
		{CA6E3667-37DE-4F55-B83C-B5433B0E9616}.Debug|Any CPU.ActiveCfg = Debug|Any CPU
		{CA6E3667-37DE-4F55-B83C-B5433B0E9616}.Debug|Any CPU.Build.0 = Debug|Any CPU
		{CA6E3667-37DE-4F55-B83C-B5433B0E9616}.Debug|x64.ActiveCfg = Debug|Any CPU
		{CA6E3667-37DE-4F55-B83C-B5433B0E9616}.Debug|x64.Build.0 = Debug|Any CPU
		{CA6E3667-37DE-4F55-B83C-B5433B0E9616}.Debug|x86.ActiveCfg = Debug|Any CPU
		{CA6E3667-37DE-4F55-B83C-B5433B0E9616}.Debug|x86.Build.0 = Debug|Any CPU
		{CA6E3667-37DE-4F55-B83C-B5433B0E9616}.Release|Any CPU.ActiveCfg = Release|Any CPU
		{CA6E3667-37DE-4F55-B83C-B5433B0E9616}.Release|Any CPU.Build.0 = Release|Any CPU
		{CA6E3667-37DE-4F55-B83C-B5433B0E9616}.Release|x64.ActiveCfg = Release|Any CPU
		{CA6E3667-37DE-4F55-B83C-B5433B0E9616}.Release|x64.Build.0 = Release|Any CPU
		{CA6E3667-37DE-4F55-B83C-B5433B0E9616}.Release|x86.ActiveCfg = Release|Any CPU
		{CA6E3667-37DE-4F55-B83C-B5433B0E9616}.Release|x86.Build.0 = Release|Any CPU
		{15D1EFF0-137C-4F2F-B9C3-0DCC1EEA9025}.Debug|Any CPU.ActiveCfg = Debug|Any CPU
		{15D1EFF0-137C-4F2F-B9C3-0DCC1EEA9025}.Debug|Any CPU.Build.0 = Debug|Any CPU
		{15D1EFF0-137C-4F2F-B9C3-0DCC1EEA9025}.Debug|x64.ActiveCfg = Debug|Any CPU
		{15D1EFF0-137C-4F2F-B9C3-0DCC1EEA9025}.Debug|x64.Build.0 = Debug|Any CPU
		{15D1EFF0-137C-4F2F-B9C3-0DCC1EEA9025}.Debug|x86.ActiveCfg = Debug|Any CPU
		{15D1EFF0-137C-4F2F-B9C3-0DCC1EEA9025}.Debug|x86.Build.0 = Debug|Any CPU
		{15D1EFF0-137C-4F2F-B9C3-0DCC1EEA9025}.Release|Any CPU.ActiveCfg = Release|Any CPU
		{15D1EFF0-137C-4F2F-B9C3-0DCC1EEA9025}.Release|Any CPU.Build.0 = Release|Any CPU
		{15D1EFF0-137C-4F2F-B9C3-0DCC1EEA9025}.Release|x64.ActiveCfg = Release|Any CPU
		{15D1EFF0-137C-4F2F-B9C3-0DCC1EEA9025}.Release|x64.Build.0 = Release|Any CPU
		{15D1EFF0-137C-4F2F-B9C3-0DCC1EEA9025}.Release|x86.ActiveCfg = Release|Any CPU
		{15D1EFF0-137C-4F2F-B9C3-0DCC1EEA9025}.Release|x86.Build.0 = Release|Any CPU
		{9A151849-DCD6-41A8-A04D-EFCBD1676463}.Debug|Any CPU.ActiveCfg = Debug|Any CPU
		{9A151849-DCD6-41A8-A04D-EFCBD1676463}.Debug|Any CPU.Build.0 = Debug|Any CPU
		{9A151849-DCD6-41A8-A04D-EFCBD1676463}.Debug|x64.ActiveCfg = Debug|Any CPU
		{9A151849-DCD6-41A8-A04D-EFCBD1676463}.Debug|x64.Build.0 = Debug|Any CPU
		{9A151849-DCD6-41A8-A04D-EFCBD1676463}.Debug|x86.ActiveCfg = Debug|Any CPU
		{9A151849-DCD6-41A8-A04D-EFCBD1676463}.Debug|x86.Build.0 = Debug|Any CPU
		{9A151849-DCD6-41A8-A04D-EFCBD1676463}.Release|Any CPU.ActiveCfg = Release|Any CPU
		{9A151849-DCD6-41A8-A04D-EFCBD1676463}.Release|Any CPU.Build.0 = Release|Any CPU
		{9A151849-DCD6-41A8-A04D-EFCBD1676463}.Release|x64.ActiveCfg = Release|Any CPU
		{9A151849-DCD6-41A8-A04D-EFCBD1676463}.Release|x64.Build.0 = Release|Any CPU
		{9A151849-DCD6-41A8-A04D-EFCBD1676463}.Release|x86.ActiveCfg = Release|Any CPU
		{9A151849-DCD6-41A8-A04D-EFCBD1676463}.Release|x86.Build.0 = Release|Any CPU
	EndGlobalSection
	GlobalSection(SolutionProperties) = preSolution
		HideSolutionNode = FALSE
	EndGlobalSection
EndGlobal
